
Microsoft Visual Studio Solution File, Format Version 12.00
# Visual Studio Version 17
VisualStudioVersion = 17.4.33110.190
MinimumVisualStudioVersion = 10.0.40219.1
Project("{9A19103F-16F7-4668-BE54-9A1E7A4F7556}") = "Domain", "Domain\Domain.csproj", "{8DAB4EA2-E3AB-4604-A730-3EE073220671}"
EndProject
Project("{9A19103F-16F7-4668-BE54-9A1E7A4F7556}") = "Infrastructure", "Infrastructure\Infrastructure.csproj", "{E21AE78F-8CB8-4D21-BF65-7209138FDE39}"
EndProject
Project("{9A19103F-16F7-4668-BE54-9A1E7A4F7556}") = "API", "API\API.csproj", "{7F6608F2-08B1-4EE9-BB84-27878D1B6876}"
EndProject
Project("{FAE04EC0-301F-11D3-BF4B-00C04F79EFBC}") = "Contracts", "Contracts\Contracts.csproj", "{0DC67976-C919-467F-8D71-68E520236705}"
EndProject
Global
	GlobalSection(SolutionConfigurationPlatforms) = preSolution
		Debug|Any CPU = Debug|Any CPU
		Release|Any CPU = Release|Any CPU
	EndGlobalSection
	GlobalSection(ProjectConfigurationPlatforms) = postSolution
		{8DAB4EA2-E3AB-4604-A730-3EE073220671}.Debug|Any CPU.ActiveCfg = Debug|Any CPU
		{8DAB4EA2-E3AB-4604-A730-3EE073220671}.Debug|Any CPU.Build.0 = Debug|Any CPU
		{8DAB4EA2-E3AB-4604-A730-3EE073220671}.Release|Any CPU.ActiveCfg = Release|Any CPU
		{8DAB4EA2-E3AB-4604-A730-3EE073220671}.Release|Any CPU.Build.0 = Release|Any CPU
		{E21AE78F-8CB8-4D21-BF65-7209138FDE39}.Debug|Any CPU.ActiveCfg = Debug|Any CPU
		{E21AE78F-8CB8-4D21-BF65-7209138FDE39}.Debug|Any CPU.Build.0 = Debug|Any CPU
		{E21AE78F-8CB8-4D21-BF65-7209138FDE39}.Release|Any CPU.ActiveCfg = Release|Any CPU
		{E21AE78F-8CB8-4D21-BF65-7209138FDE39}.Release|Any CPU.Build.0 = Release|Any CPU
		{7F6608F2-08B1-4EE9-BB84-27878D1B6876}.Debug|Any CPU.ActiveCfg = Debug|Any CPU
		{7F6608F2-08B1-4EE9-BB84-27878D1B6876}.Debug|Any CPU.Build.0 = Debug|Any CPU
		{7F6608F2-08B1-4EE9-BB84-27878D1B6876}.Release|Any CPU.ActiveCfg = Release|Any CPU
		{7F6608F2-08B1-4EE9-BB84-27878D1B6876}.Release|Any CPU.Build.0 = Release|Any CPU
		{0DC67976-C919-467F-8D71-68E520236705}.Debug|Any CPU.ActiveCfg = Debug|Any CPU
		{0DC67976-C919-467F-8D71-68E520236705}.Debug|Any CPU.Build.0 = Debug|Any CPU
		{0DC67976-C919-467F-8D71-68E520236705}.Release|Any CPU.ActiveCfg = Release|Any CPU
		{0DC67976-C919-467F-8D71-68E520236705}.Release|Any CPU.Build.0 = Release|Any CPU
	EndGlobalSection
	GlobalSection(SolutionProperties) = preSolution
		HideSolutionNode = FALSE
	EndGlobalSection
	GlobalSection(ExtensibilityGlobals) = postSolution
		SolutionGuid = {5132488C-012E-46A5-A62E-0221B7A157FE}
	EndGlobalSection
EndGlobal
